
Microsoft Visual Studio Solution File, Format Version 12.00
# Visual Studio Version 17
VisualStudioVersion = 17.4.33205.214
MinimumVisualStudioVersion = 10.0.40219.1
Project("{FAE04EC0-301F-11D3-BF4B-00C04F79EFBC}") = "Target Sistemas", "Target Sistemas.csproj", "{D3487667-4491-428F-AEEB-4102C1B7F2FB}"
EndProject
Global
	GlobalSection(SolutionConfigurationPlatforms) = preSolution
		Debug|Any CPU = Debug|Any CPU
		Release|Any CPU = Release|Any CPU
	EndGlobalSection
	GlobalSection(ProjectConfigurationPlatforms) = postSolution
		{D3487667-4491-428F-AEEB-4102C1B7F2FB}.Debug|Any CPU.ActiveCfg = Debug|Any CPU
		{D3487667-4491-428F-AEEB-4102C1B7F2FB}.Debug|Any CPU.Build.0 = Debug|Any CPU
		{D3487667-4491-428F-AEEB-4102C1B7F2FB}.Release|Any CPU.ActiveCfg = Release|Any CPU
		{D3487667-4491-428F-AEEB-4102C1B7F2FB}.Release|Any CPU.Build.0 = Release|Any CPU
	EndGlobalSection
	GlobalSection(SolutionProperties) = preSolution
		HideSolutionNode = FALSE
	EndGlobalSection
	GlobalSection(ExtensibilityGlobals) = postSolution
		SolutionGuid = {346549A0-3007-4E56-93C7-FB1B4607D5E7}
	EndGlobalSection
EndGlobal
